
Microsoft Visual Studio Solution File, Format Version 12.00
# Visual Studio 15
VisualStudioVersion = 15.0.28307.329
MinimumVisualStudioVersion = 10.0.40219.1
Project("{FAE04EC0-301F-11D3-BF4B-00C04F79EFBC}") = "Lesson6", "Lesson6\Lesson6.csproj", "{3ACFE042-CD78-40E2-B6BA-6B1217B7276A}"
EndProject
Global
	GlobalSection(SolutionConfigurationPlatforms) = preSolution
		Debug|Any CPU = Debug|Any CPU
		Release|Any CPU = Release|Any CPU
	EndGlobalSection
	GlobalSection(ProjectConfigurationPlatforms) = postSolution
		{3ACFE042-CD78-40E2-B6BA-6B1217B7276A}.Debug|Any CPU.ActiveCfg = Debug|Any CPU
		{3ACFE042-CD78-40E2-B6BA-6B1217B7276A}.Debug|Any CPU.Build.0 = Debug|Any CPU
		{3ACFE042-CD78-40E2-B6BA-6B1217B7276A}.Release|Any CPU.ActiveCfg = Release|Any CPU
		{3ACFE042-CD78-40E2-B6BA-6B1217B7276A}.Release|Any CPU.Build.0 = Release|Any CPU
	EndGlobalSection
	GlobalSection(SolutionProperties) = preSolution
		HideSolutionNode = FALSE
	EndGlobalSection
	GlobalSection(ExtensibilityGlobals) = postSolution
		SolutionGuid = {2ADC084E-7C76-4E34-BA6E-4107AD4203AC}
	EndGlobalSection
EndGlobal
